{
    "_meta": {
        "hash": {
            "sha256": "be38f847181cd1f3532bf61dca5a55ba09d95360a82edbdcef2b0678ffb09d71"
        },
        "pipfile-spec": 6,
        "requires": {
            "python_version": "3.6"
        },
        "sources": [
            {
                "name": "pypi",
                "url": "https://pypi.org/simple",
                "verify_ssl": true
            }
        ]
    },
    "default": {
        "beautifulsoup4": {
            "hashes": [
                "sha256:4c98143716ef1cb40bf7f39a8e3eec8f8b009509e74904ba3a7b315431577e35",
                "sha256:84729e322ad1d5b4d25f805bfa05b902dd96450f43842c4e99067d5e1369eb25",
                "sha256:fff47e031e34ec82bf17e00da8f592fe7de69aeea38be00523c04623c04fb666"
            ],
            "version": "==4.9.3"
        },
        "certifi": {
            "hashes": [
                "sha256:1a4995114262bffbc2413b159f2a1a480c969de6e6eb13ee966d470af86af59c",
                "sha256:719a74fb9e33b9bd44cc7f3a8d94bc35e4049deebe19ba7d8e108280cfd59830"
            ],
            "version": "==2020.12.5"
        },
        "chardet": {
            "hashes": [
                "sha256:84ab92ed1c4d4f16916e05906b6b75a6c0fb5db821cc65e70cbd64a3e2a5eaae",
                "sha256:fc323ffcaeaed0e0a02bf4d117757b98aed530d9ed4531e3e15460124c106691"
            ],
            "version": "==3.0.4"
        },
        "click": {
            "hashes": [
                "sha256:06b3a46da3b40f4bbe19b8ea5ba9a34e7925913a9b51608ff0c1d78ef0b814b4",
                "sha256:7340a8666a3e2eff5f2ee778c2d06b606ce9891a61b2ee315e0a3994ffd2226a"
            ],
            "version": "==8.0.0rc1"
        },
        "extraction": {
            "hashes": [
                "sha256:8449cb3454380689fee892c2190a6f5a3acce7d64608bff504891eb54a332858",
                "sha256:c39f204d1394055cd68cef1f61cfc9b231af0dc13aeb5d2d6bd85e48b69f8d1b"
            ],
            "index": "pypi",
            "version": "==0.3"
        },
        "flask": {
            "hashes": [
                "sha256:ad7c6d841e64296b962296c2c2dabc6543752985727af86a975072dea984b6f3",
                "sha256:e7d32475d1de5facaa55e3958bc4ec66d3762076b074296aa50ef8fdc5b9df61"
            ],
            "index": "pypi",
            "version": "==1.0.3"
        },
        "flask-login": {
            "hashes": [
                "sha256:c815c1ac7b3e35e2081685e389a665f2c74d7e077cb93cecabaea352da4752ec"
            ],
            "index": "pypi",
            "version": "==0.4.1"
        },
        "flask-paginate": {
            "hashes": [
                "sha256:ebc896bf6e8d7a414e3efba0bd0770a8f73dcd7023f99e849c64164287e36e9b"
            ],
            "index": "pypi",
            "version": "==0.5.2"
        },
        "flask-sqlalchemy": {
            "hashes": [
                "sha256:0c9609b0d72871c540a7945ea559c8fdf5455192d2db67219509aed680a3d45a",
                "sha256:8631bbea987bc3eb0f72b1f691d47bd37ceb795e73b59ab48586d76d75a7c605"
            ],
            "index": "pypi",
            "version": "==2.4.0"
        },
        "flask-wtf": {
            "hashes": [
                "sha256:5d14d55cfd35f613d99ee7cba0fc3fbbe63ba02f544d349158c14ca15561cc36",
                "sha256:d9a9e366b32dcbb98ef17228e76be15702cd2600675668bca23f63a7947fd5ac"
            ],
            "index": "pypi",
            "version": "==0.14.2"
        },
        "html5lib": {
            "hashes": [
                "sha256:0d78f8fde1c230e99fe37986a60526d7049ed4bf8a9fadbad5f00e22e58e041d",
                "sha256:b2e5b40261e20f354d198eae92afc10d750afb487ed5e50f9c4eaf07c184146f"
            ],
            "version": "==1.1"
        },
        "idna": {
            "hashes": [
                "sha256:c357b3f628cf53ae2c4c05627ecc484553142ca23264e593d327bcde5e9c3407",
                "sha256:ea8b7f6188e6fa117537c3df7da9fc686d485087abf6ac197f9c46432f7e4a3c"
            ],
            "version": "==2.8"
        },
        "itsdangerous": {
            "hashes": [
                "sha256:aea4b5c1c81179e92d04142ed2dc6a44642da3909fdb5c7b64e7ea946d4b3bd6",
                "sha256:fe99186c3f66ab0a064c51bedb72772c95b7f919e0ac9feed37f7c4be2745b15"
            ],
            "version": "==2.0.0rc2"
        },
        "jinja2": {
            "hashes": [
                "sha256:8e68a2e702a59a57c86305752df25532472a0dad2b4b2756a1d289c618a9e1f5",
                "sha256:fd581ab32650fec6d24e8f035dd9757f3549ea6e559534d5d2385d4ade7e0fe1"
            ],
            "version": "==3.0.0rc2"
        },
        "lxml": {
            "hashes": [
                "sha256:06c7616601430aa140a69f97e3116308fffe0848f543b639a5ec2e8920ae72fd",
                "sha256:177202792f9842374a8077735c69c41a4282183f7851443d2beb8ee310720819",
                "sha256:19317ad721ceb9e39847d11131903931e2794e447d4751ebb0d9236f1b349ff2",
                "sha256:36d206e62f3e5dbaafd4ec692b67157e271f5da7fd925fda8515da675eace50d",
                "sha256:387115b066c797c85f9861a9613abf50046a15aac16759bc92d04f94acfad082",
                "sha256:3ce1c49d4b4a7bc75fb12acb3a6247bb7a91fe420542e6d671ba9187d12a12c2",
                "sha256:4d2a5a7d6b0dbb8c37dab66a8ce09a8761409c044017721c21718659fa3365a1",
                "sha256:58d0a1b33364d1253a88d18df6c0b2676a1746d27c969dc9e32d143a3701dda5",
                "sha256:62a651c618b846b88fdcae0533ec23f185bb322d6c1845733f3123e8980c1d1b",
                "sha256:69ff21064e7debc9b1b1e2eee8c2d686d042d4257186d70b338206a80c5bc5ea",
                "sha256:7060453eba9ba59d821625c6af6a266bd68277dce6577f754d1eb9116c094266",
                "sha256:7d26b36a9c4bce53b9cfe42e67849ae3c5c23558bc08363e53ffd6d94f4ff4d2",
                "sha256:83b427ad2bfa0b9705e02a83d8d607d2c2f01889eb138168e462a3a052c42368",
                "sha256:923d03c84534078386cf50193057aae98fa94cace8ea7580b74754493fda73ad",
                "sha256:b773715609649a1a180025213f67ffdeb5a4878c784293ada300ee95a1f3257b",
                "sha256:baff149c174e9108d4a2fee192c496711be85534eab63adb122f93e70aa35431",
                "sha256:bca9d118b1014b4c2d19319b10a3ebed508ff649396ce1855e1c96528d9b2fa9",
                "sha256:ce580c28845581535dc6000fc7c35fdadf8bea7ccb57d6321b044508e9ba0685",
                "sha256:d34923a569e70224d88e6682490e24c842907ba2c948c5fd26185413cbe0cd96",
                "sha256:dd9f0e531a049d8b35ec5e6c68a37f1ba6ec3a591415e6804cbdf652793d15d7",
                "sha256:ecb805cbfe9102f3fd3d2ef16dfe5ae9e2d7a7dfbba92f4ff1e16ac9784dbfb0",
                "sha256:ede9aad2197a0202caff35d417b671f5f91a3631477441076082a17c94edd846",
                "sha256:ef2d1fc370400e0aa755aab0b20cf4f1d0e934e7fd5244f3dd4869078e4942b9",
                "sha256:f2fec194a49bfaef42a548ee657362af5c7a640da757f6f452a35da7dd9f923c"
            ],
            "index": "pypi",
            "version": "==4.3.4"
        },
        "markupsafe": {
            "hashes": [
                "sha256:023be69df51b68f9f1ed42b5959303dad3c153cd958ebb0e34c18251fb967837",
                "sha256:074bbd79cfeba59d5a426e09a7d7a36247b2ba429aaa762d547b101ff1818b74",
                "sha256:07f31078aaa975a1a962a775059cf0dfe6dd2fcafff4c4b5f9df76268ae566e9",
                "sha256:0e371c83c31cee6a659499172f53fe5722c80316bb198eaa492668460fc22378",
                "sha256:152e680f380562ad34277f5d3f066b62eb25d2dda47afc14f76ee49f3cd467e7",
                "sha256:15992536bd3e91defff17579d388475cc60fc3aeff883ac14edbdd079817e0b7",
                "sha256:167a017abf294fc17b3b5098b77667246030ad68d02a59f1fc9b48f65ff836aa",
                "sha256:24fa977011c8d17dae93641376090fc7434babf95128f862bb61fad545afc580",
                "sha256:27051dce1be59d0d1e09bb58e9bdda10f1e546a97c119cf3b88b82a24b48081c",
                "sha256:36afcf88a772054038be74cbfa872074e9c1ac3481e66b8da4967e81150e139e",
                "sha256:41d3b3776bc820c8fcc585df6b49c2a3e245c64a46ad7aa1b21ce08179d9167b",
                "sha256:4d95e90df3e2bc76fa71d524a861083bbac1f1bcaf429c991292518343232e5b",
                "sha256:50ccc0b107e7b95d5a2c55cd9f34d7b4696d3092d4bd231cef56131059653554",
                "sha256:55eb46368cc8a62ff7a15e84cea243403fc514b3d7d13168d55e99eb8a772129",
                "sha256:5c949af1abb37dc23c1ebcee2783a26f0f91b42a4dd6184291e5502c409ac743",
                "sha256:666f687682398f4c26e6b41be8233d3ea86fa9fbad56d98a4cf32110d7675773",
                "sha256:680c521ee5214bf28aa20f90107d2c5d0849b24042e44c17d94d52727af23dcd",
                "sha256:686f3c2e7b2a8e36b2003c952c498bbf24753a35b72e7eccb2d62897f4f59b8e",
                "sha256:6c3b64b774d8c8705a04e28c1c7e2c60705e2b72bfa388d8c863ad0dfce5cbd6",
                "sha256:70bee0400f78ce7e6aa6d2526be515afe7ac1693d9db1f6782ddc3420a4d961c",
                "sha256:746a22773b02c79ea570cf97f92aad7e58938bcd2670de499e349d8430f989ef",
                "sha256:93019a67f12e4e5cf5d4570465fe6ce9a8951be4173e1287e838dff3332a315e",
                "sha256:a7718a137e319e6a61bb4598ec12f7da18553d5d28ae6e21165dfc0d0d90a1b4",
                "sha256:aba3cf1d4d2e8664bace4e4df478e08d4bc2d36d7b59444e10bb7934e2708d87",
                "sha256:ad9dfe60753afa2932ed5adba73a1ff401e3de4106f88b4c31262ebab62b7708",
                "sha256:b24e488972dfadcb0f845f5536c79addc15eb6576548537a38075018e26477f0",
                "sha256:e1ea9b34bec7dbf653edd3361170108cb717b4f49be729e2367f5151d1e938ee",
                "sha256:e3ff50bf999c0f45552761bf4a9138dc0464d887de8f2afeb9d95f7bb03a1ec0",
                "sha256:e792bf8b47441bcf506a09bbffea178398e3dec6c58865e8dd01cc4dcd07685d",
                "sha256:f24aa8c69bd9d61316de172ad19cc6d069da510821585d777960f90b2ed5501c",
                "sha256:f3a67f5ba9452a3287d35e4f174ddfca72a1bb48da09d2e1d35598922c4c1e41",
                "sha256:f6dee1e460629691452bf37419825bba4002fdb4883701c7cd72e5aa42724aa9",
                "sha256:f99fd93e52de0cbe675eda692c238dfde5d09c73c38e497a5a0f9a706f394264",
                "sha256:fd76ae35e33a1af04a63de5ff5fea872b9b01cff079cf895cec3697ded2c433e"
            ],
            "version": "==2.0.0rc2"
        },
        "pytz": {
            "hashes": [
                "sha256:303879e36b721603cc54604edcac9d20401bdbe31e1e4fdee5b9f98d5d31dfda",
                "sha256:d747dd3d23d77ef44c6a3526e274af6efeb0a6f1afd5a69ba4d5be4098c8e141"
            ],
            "index": "pypi",
            "version": "==2019.1"
        },
        "requests": {
            "hashes": [
                "sha256:11e007a8a2aa0323f5a921e9e6a2d7e4e67d9877e85773fba9ba6419025cbeb4",
                "sha256:9cf5292fcd0f598c671cfc1e0d7d1a7f13bb8085e9a590f48c010551dc6c4b31"
            ],
            "index": "pypi",
            "version": "==2.22.0"
        },
        "six": {
            "hashes": [
                "sha256:30639c035cdb23534cd4aa2dd52c3bf48f06e5f4a941509c8bafd8ce11080259",
                "sha256:8b74bedcbbbaca38ff6d7491d76f2b06b3592611af620f8426e82dddb04a5ced"
            ],
            "version": "==1.15.0"
        },
        "soupsieve": {
            "hashes": [
                "sha256:052774848f448cf19c7e959adf5566904d525f33a3f8b6ba6f6f8f26ec7de0cc",
                "sha256:c2c1c2d44f158cdbddab7824a9af8c4f83c76b1e23e049479aa432feb6c4c23b"
            ],
            "markers": "python_version >= '3.0'",
            "version": "==2.2.1"
        },
        "sqlalchemy": {
            "hashes": [
                "sha256:c30925d60af95443458ebd7525daf791f55762b106049ae71e18f8dd58084c2f"
            ],
            "index": "pypi",
            "version": "==1.3.5"
        },
        "timeago": {
            "hashes": [
                "sha256:1e26ed34cc1fdcdbb949a0d9603a78d9b794ec1ec2a6179a13466596cbdc2320",
                "sha256:67cee34d6c4210a0213432c9e1a96f06209d7552090c86d31653ca0ec9443ef3"
            ],
            "index": "pypi",
            "version": "==1.0.10"
        },
        "urllib3": {
            "hashes": [
                "sha256:2f3db8b19923a873b3e5256dc9c2dedfa883e33d87c690d9c7913e1f40673cdc",
                "sha256:87716c2d2a7121198ebcb7ce7cccf6ce5e9ba539041cfbaeecfb641dc0bf6acc"
            ],
            "index": "pypi",
            "version": "==1.25.8"
        },
        "webencodings": {
            "hashes": [
                "sha256:a0af1213f3c2226497a97e2b3aa01a7e4bee4f403f95be16fc9acd2947514a78",
                "sha256:b36a1c245f2d304965eb4e0a82848379241dc04b865afcc4aab16748587e1923"
            ],
            "version": "==0.5.1"
        },
        "werkzeug": {
            "hashes": [
                "sha256:865856ebb55c4dcd0630cdd8f3331a1847a819dda7e8c750d3db6f2aa6c0209c",
                "sha256:a0b915f0815982fb2a09161cb8f31708052d0951c3ba433ccc5e1aa276507ca6"
            ],
            "index": "pypi",
            "version": "==0.15.4"
        },
        "whitenoise": {
            "hashes": [
                "sha256:118ab3e5f815d380171b100b05b76de2a07612f422368a201a9ffdeefb2251c1",
                "sha256:42133ddd5229eeb6a0c9899496bdbe56c292394bf8666da77deeb27454c0456a"
            ],
            "index": "pypi",
            "version": "==4.1.2"
        },
        "wtforms": {
            "hashes": [
                "sha256:7ee6e0591777e4ad6779276cd64464bd0a8fc1ce2509b5bb88f936c9426c180c",
                "sha256:cf01f0173ff7124ab30afeee444876a0f576fa5ed9c32f2112c439137077492f"
            ],
            "version": "==3.0.0a1"
        }
    },
    "develop": {
        "appdirs": {
            "hashes": [
                "sha256:7d5d0167b2b1ba821647616af46a749d1c653740dd0d2415100fe26e27afdf41",
                "sha256:a841dacd6b99318a741b166adb07e19ee71a274450e68237b4650ca1055ab128"
            ],
            "version": "==1.4.4"
        },
        "attrs": {
            "hashes": [
                "sha256:31b2eced602aa8423c2aea9c76a724617ed67cf9513173fd3a4f03e3a929c7e6",
                "sha256:832aa3cde19744e49938b91fea06d69ecb9e649c93ba974535d08ad92164f700"
            ],
            "version": "==20.3.0"
        },
        "black": {
            "hashes": [
                "sha256:09a9dcb7c46ed496a9850b76e4e825d6049ecd38b611f1224857a79bd985a8cf",
                "sha256:68950ffd4d9169716bcb8719a56c07a2f4485354fec061cdd5910aa07369731c"
            ],
            "index": "pypi",
            "version": "==19.3b0"
        },
        "click": {
            "hashes": [
                "sha256:06b3a46da3b40f4bbe19b8ea5ba9a34e7925913a9b51608ff0c1d78ef0b814b4",
                "sha256:7340a8666a3e2eff5f2ee778c2d06b606ce9891a61b2ee315e0a3994ffd2226a"
            ],
            "version": "==8.0.0rc1"
        },
        "pbr": {
            "hashes": [
                "sha256:9181e2a34d80f07a359ff1d0504fad3a47e00e1cf2c475b0aa7dcb030af54c40",
                "sha256:94bdc84da376b3dd5061aa0c3b6faffe943ee2e56fa4ff9bd63e1643932f34fc"
            ],
            "index": "pypi",
            "version": "==5.3.1"
        },
        "toml": {
            "hashes": [
                "sha256:806143ae5bfb6a3c6e736a764057db0e6a0e05e338b5630894a5f779cabb4f9b",
                "sha256:b3bda1d108d5dd99f4a20d24d9c348e91c4db7ab1b749200bded2f839ccbe68f"
            ],
            "version": "==0.10.2"
        }
    }
}
